
Microsoft Visual Studio Solution File, Format Version 12.00
# Visual Studio Version 17
VisualStudioVersion = 17.13.35825.156 d17.13
MinimumVisualStudioVersion = 10.0.40219.1
Project("{FAE04EC0-301F-11D3-BF4B-00C04F79EFBC}") = "Ex001", "Ex001\Ex001.csproj", "{BB833F36-75CA-48B1-90DC-09A833B88499}"
EndProject
Global
	GlobalSection(SolutionConfigurationPlatforms) = preSolution
		Debug|Any CPU = Debug|Any CPU
		Release|Any CPU = Release|Any CPU
	EndGlobalSection
	GlobalSection(ProjectConfigurationPlatforms) = postSolution
		{BB833F36-75CA-48B1-90DC-09A833B88499}.Debug|Any CPU.ActiveCfg = Debug|Any CPU
		{BB833F36-75CA-48B1-90DC-09A833B88499}.Debug|Any CPU.Build.0 = Debug|Any CPU
		{BB833F36-75CA-48B1-90DC-09A833B88499}.Release|Any CPU.ActiveCfg = Release|Any CPU
		{BB833F36-75CA-48B1-90DC-09A833B88499}.Release|Any CPU.Build.0 = Release|Any CPU
	EndGlobalSection
	GlobalSection(SolutionProperties) = preSolution
		HideSolutionNode = FALSE
	EndGlobalSection
	GlobalSection(ExtensibilityGlobals) = postSolution
		SolutionGuid = {CBFD9CD5-4A4F-4710-B1EA-3203DF99F3A5}
	EndGlobalSection
EndGlobal
